
Microsoft Visual Studio Solution File, Format Version 12.00
# Visual Studio Version 17
VisualStudioVersion = 17.4.33122.133
MinimumVisualStudioVersion = 10.0.40219.1
Project("{9A19103F-16F7-4668-BE54-9A1E7A4F7556}") = "ChainOfResponsibility", "ChainOfResponsibility\ChainOfResponsibility.csproj", "{802049EF-D0E6-4094-B028-90E5E28A4317}"
EndProject
Project("{9A19103F-16F7-4668-BE54-9A1E7A4F7556}") = "Command", "Command\Command.csproj", "{36DB010A-95A0-48D1-9E98-7C4A6C5F73A7}"
EndProject
Project("{9A19103F-16F7-4668-BE54-9A1E7A4F7556}") = "Iterator", "Iterator\Iterator.csproj", "{ED6420D7-340C-4952-AC9B-92BB7A70A06A}"
EndProject
Project("{9A19103F-16F7-4668-BE54-9A1E7A4F7556}") = "Mediator", "Mediator\Mediator.csproj", "{E980996C-6616-4F1A-80E2-8D70ACB7EAA8}"
EndProject
Project("{FAE04EC0-301F-11D3-BF4B-00C04F79EFBC}") = "Memento", "Memento\Memento.csproj", "{F8EC5F38-3EB2-4EAF-A9F9-83F117711CC8}"
EndProject
Project("{FAE04EC0-301F-11D3-BF4B-00C04F79EFBC}") = "Observer", "Observer\Observer.csproj", "{8A67FB4E-3089-4EF8-BA0C-6111AE837C28}"
EndProject
Global
	GlobalSection(SolutionConfigurationPlatforms) = preSolution
		Debug|Any CPU = Debug|Any CPU
		Release|Any CPU = Release|Any CPU
	EndGlobalSection
	GlobalSection(ProjectConfigurationPlatforms) = postSolution
		{802049EF-D0E6-4094-B028-90E5E28A4317}.Debug|Any CPU.ActiveCfg = Debug|Any CPU
		{802049EF-D0E6-4094-B028-90E5E28A4317}.Debug|Any CPU.Build.0 = Debug|Any CPU
		{802049EF-D0E6-4094-B028-90E5E28A4317}.Release|Any CPU.ActiveCfg = Release|Any CPU
		{802049EF-D0E6-4094-B028-90E5E28A4317}.Release|Any CPU.Build.0 = Release|Any CPU
		{36DB010A-95A0-48D1-9E98-7C4A6C5F73A7}.Debug|Any CPU.ActiveCfg = Debug|Any CPU
		{36DB010A-95A0-48D1-9E98-7C4A6C5F73A7}.Debug|Any CPU.Build.0 = Debug|Any CPU
		{36DB010A-95A0-48D1-9E98-7C4A6C5F73A7}.Release|Any CPU.ActiveCfg = Release|Any CPU
		{36DB010A-95A0-48D1-9E98-7C4A6C5F73A7}.Release|Any CPU.Build.0 = Release|Any CPU
		{ED6420D7-340C-4952-AC9B-92BB7A70A06A}.Debug|Any CPU.ActiveCfg = Debug|Any CPU
		{ED6420D7-340C-4952-AC9B-92BB7A70A06A}.Debug|Any CPU.Build.0 = Debug|Any CPU
		{ED6420D7-340C-4952-AC9B-92BB7A70A06A}.Release|Any CPU.ActiveCfg = Release|Any CPU
		{ED6420D7-340C-4952-AC9B-92BB7A70A06A}.Release|Any CPU.Build.0 = Release|Any CPU
		{E980996C-6616-4F1A-80E2-8D70ACB7EAA8}.Debug|Any CPU.ActiveCfg = Debug|Any CPU
		{E980996C-6616-4F1A-80E2-8D70ACB7EAA8}.Debug|Any CPU.Build.0 = Debug|Any CPU
		{E980996C-6616-4F1A-80E2-8D70ACB7EAA8}.Release|Any CPU.ActiveCfg = Release|Any CPU
		{E980996C-6616-4F1A-80E2-8D70ACB7EAA8}.Release|Any CPU.Build.0 = Release|Any CPU
		{F8EC5F38-3EB2-4EAF-A9F9-83F117711CC8}.Debug|Any CPU.ActiveCfg = Debug|Any CPU
		{F8EC5F38-3EB2-4EAF-A9F9-83F117711CC8}.Debug|Any CPU.Build.0 = Debug|Any CPU
		{F8EC5F38-3EB2-4EAF-A9F9-83F117711CC8}.Release|Any CPU.ActiveCfg = Release|Any CPU
		{F8EC5F38-3EB2-4EAF-A9F9-83F117711CC8}.Release|Any CPU.Build.0 = Release|Any CPU
		{8A67FB4E-3089-4EF8-BA0C-6111AE837C28}.Debug|Any CPU.ActiveCfg = Debug|Any CPU
		{8A67FB4E-3089-4EF8-BA0C-6111AE837C28}.Debug|Any CPU.Build.0 = Debug|Any CPU
		{8A67FB4E-3089-4EF8-BA0C-6111AE837C28}.Release|Any CPU.ActiveCfg = Release|Any CPU
		{8A67FB4E-3089-4EF8-BA0C-6111AE837C28}.Release|Any CPU.Build.0 = Release|Any CPU
	EndGlobalSection
	GlobalSection(SolutionProperties) = preSolution
		HideSolutionNode = FALSE
	EndGlobalSection
	GlobalSection(ExtensibilityGlobals) = postSolution
		SolutionGuid = {0D5E5F48-A721-4163-B21F-DC116CDDF8DA}
	EndGlobalSection
EndGlobal
