
Microsoft Visual Studio Solution File, Format Version 12.00
# Visual Studio Version 17
VisualStudioVersion = 17.2.32602.215
MinimumVisualStudioVersion = 10.0.40219.1
Project("{9A19103F-16F7-4668-BE54-9A1E7A4F7556}") = "Adapter", "Adapter\Adapter.csproj", "{AA0B97CE-F46A-49BF-A6FB-96FB9B386597}"
EndProject
Project("{9A19103F-16F7-4668-BE54-9A1E7A4F7556}") = "Bridge", "Bridge\Bridge.csproj", "{6811E18C-702F-400D-9C64-E11CE069BBFC}"
EndProject
Project("{9A19103F-16F7-4668-BE54-9A1E7A4F7556}") = "Composite", "Composite\Composite.csproj", "{D98B2019-A073-4DE5-B581-1239E483B89B}"
EndProject
Project("{9A19103F-16F7-4668-BE54-9A1E7A4F7556}") = "Decorator", "Decorator\Decorator.csproj", "{758DCA4A-3A36-4F47-8FA8-5BF657FC2DA5}"
EndProject
Project("{FAE04EC0-301F-11D3-BF4B-00C04F79EFBC}") = "Facade", "Facade\Facade.csproj", "{3F90A074-335D-4BB2-80C4-25DBB75D0361}"
EndProject
Global
	GlobalSection(SolutionConfigurationPlatforms) = preSolution
		Debug|Any CPU = Debug|Any CPU
		Release|Any CPU = Release|Any CPU
	EndGlobalSection
	GlobalSection(ProjectConfigurationPlatforms) = postSolution
		{AA0B97CE-F46A-49BF-A6FB-96FB9B386597}.Debug|Any CPU.ActiveCfg = Debug|Any CPU
		{AA0B97CE-F46A-49BF-A6FB-96FB9B386597}.Debug|Any CPU.Build.0 = Debug|Any CPU
		{AA0B97CE-F46A-49BF-A6FB-96FB9B386597}.Release|Any CPU.ActiveCfg = Release|Any CPU
		{AA0B97CE-F46A-49BF-A6FB-96FB9B386597}.Release|Any CPU.Build.0 = Release|Any CPU
		{6811E18C-702F-400D-9C64-E11CE069BBFC}.Debug|Any CPU.ActiveCfg = Debug|Any CPU
		{6811E18C-702F-400D-9C64-E11CE069BBFC}.Debug|Any CPU.Build.0 = Debug|Any CPU
		{6811E18C-702F-400D-9C64-E11CE069BBFC}.Release|Any CPU.ActiveCfg = Release|Any CPU
		{6811E18C-702F-400D-9C64-E11CE069BBFC}.Release|Any CPU.Build.0 = Release|Any CPU
		{D98B2019-A073-4DE5-B581-1239E483B89B}.Debug|Any CPU.ActiveCfg = Debug|Any CPU
		{D98B2019-A073-4DE5-B581-1239E483B89B}.Debug|Any CPU.Build.0 = Debug|Any CPU
		{D98B2019-A073-4DE5-B581-1239E483B89B}.Release|Any CPU.ActiveCfg = Release|Any CPU
		{D98B2019-A073-4DE5-B581-1239E483B89B}.Release|Any CPU.Build.0 = Release|Any CPU
		{758DCA4A-3A36-4F47-8FA8-5BF657FC2DA5}.Debug|Any CPU.ActiveCfg = Debug|Any CPU
		{758DCA4A-3A36-4F47-8FA8-5BF657FC2DA5}.Debug|Any CPU.Build.0 = Debug|Any CPU
		{758DCA4A-3A36-4F47-8FA8-5BF657FC2DA5}.Release|Any CPU.ActiveCfg = Release|Any CPU
		{758DCA4A-3A36-4F47-8FA8-5BF657FC2DA5}.Release|Any CPU.Build.0 = Release|Any CPU
		{3F90A074-335D-4BB2-80C4-25DBB75D0361}.Debug|Any CPU.ActiveCfg = Debug|Any CPU
		{3F90A074-335D-4BB2-80C4-25DBB75D0361}.Debug|Any CPU.Build.0 = Debug|Any CPU
		{3F90A074-335D-4BB2-80C4-25DBB75D0361}.Release|Any CPU.ActiveCfg = Release|Any CPU
		{3F90A074-335D-4BB2-80C4-25DBB75D0361}.Release|Any CPU.Build.0 = Release|Any CPU
	EndGlobalSection
	GlobalSection(SolutionProperties) = preSolution
		HideSolutionNode = FALSE
	EndGlobalSection
	GlobalSection(ExtensibilityGlobals) = postSolution
		SolutionGuid = {0AADAD19-BE0A-4AFC-9662-7123D219A261}
	EndGlobalSection
EndGlobal
