
Microsoft Visual Studio Solution File, Format Version 12.00
# Visual Studio Version 17
VisualStudioVersion = 17.2.32602.215
MinimumVisualStudioVersion = 10.0.40219.1
Project("{9A19103F-16F7-4668-BE54-9A1E7A4F7556}") = "SimpleFactory", "SimpleFactory\SimpleFactory.csproj", "{C0FE9FE4-1558-43A9-BEA5-EE8C1A281CD2}"
EndProject
Project("{9A19103F-16F7-4668-BE54-9A1E7A4F7556}") = "FactoryMethod", "FactoryMethod\FactoryMethod.csproj", "{17E67A37-ECB1-4AF3-A446-BE1519286FEF}"
EndProject
Project("{9A19103F-16F7-4668-BE54-9A1E7A4F7556}") = "AbstractFactory", "AbstractFactory\AbstractFactory.csproj", "{5BB82526-A986-434D-A7D2-3A96DBF2F57D}"
EndProject
Project("{9A19103F-16F7-4668-BE54-9A1E7A4F7556}") = "Builder", "Builder\Builder.csproj", "{89C3A386-23FB-4416-9E0A-80F3AE81D059}"
EndProject
Project("{9A19103F-16F7-4668-BE54-9A1E7A4F7556}") = "Prototype", "Prototype\Prototype.csproj", "{E2C29D05-ECA4-425B-BA6B-B13558DAAC02}"
EndProject
Project("{FAE04EC0-301F-11D3-BF4B-00C04F79EFBC}") = "Singleton", "Singleton\Singleton.csproj", "{8A11AFC0-BE68-48C2-BF79-7FC4B80FAEAB}"
EndProject
Global
	GlobalSection(SolutionConfigurationPlatforms) = preSolution
		Debug|Any CPU = Debug|Any CPU
		Release|Any CPU = Release|Any CPU
	EndGlobalSection
	GlobalSection(ProjectConfigurationPlatforms) = postSolution
		{C0FE9FE4-1558-43A9-BEA5-EE8C1A281CD2}.Debug|Any CPU.ActiveCfg = Debug|Any CPU
		{C0FE9FE4-1558-43A9-BEA5-EE8C1A281CD2}.Debug|Any CPU.Build.0 = Debug|Any CPU
		{C0FE9FE4-1558-43A9-BEA5-EE8C1A281CD2}.Release|Any CPU.ActiveCfg = Release|Any CPU
		{C0FE9FE4-1558-43A9-BEA5-EE8C1A281CD2}.Release|Any CPU.Build.0 = Release|Any CPU
		{17E67A37-ECB1-4AF3-A446-BE1519286FEF}.Debug|Any CPU.ActiveCfg = Debug|Any CPU
		{17E67A37-ECB1-4AF3-A446-BE1519286FEF}.Debug|Any CPU.Build.0 = Debug|Any CPU
		{17E67A37-ECB1-4AF3-A446-BE1519286FEF}.Release|Any CPU.ActiveCfg = Release|Any CPU
		{17E67A37-ECB1-4AF3-A446-BE1519286FEF}.Release|Any CPU.Build.0 = Release|Any CPU
		{5BB82526-A986-434D-A7D2-3A96DBF2F57D}.Debug|Any CPU.ActiveCfg = Debug|Any CPU
		{5BB82526-A986-434D-A7D2-3A96DBF2F57D}.Debug|Any CPU.Build.0 = Debug|Any CPU
		{5BB82526-A986-434D-A7D2-3A96DBF2F57D}.Release|Any CPU.ActiveCfg = Release|Any CPU
		{5BB82526-A986-434D-A7D2-3A96DBF2F57D}.Release|Any CPU.Build.0 = Release|Any CPU
		{89C3A386-23FB-4416-9E0A-80F3AE81D059}.Debug|Any CPU.ActiveCfg = Debug|Any CPU
		{89C3A386-23FB-4416-9E0A-80F3AE81D059}.Debug|Any CPU.Build.0 = Debug|Any CPU
		{89C3A386-23FB-4416-9E0A-80F3AE81D059}.Release|Any CPU.ActiveCfg = Release|Any CPU
		{89C3A386-23FB-4416-9E0A-80F3AE81D059}.Release|Any CPU.Build.0 = Release|Any CPU
		{E2C29D05-ECA4-425B-BA6B-B13558DAAC02}.Debug|Any CPU.ActiveCfg = Debug|Any CPU
		{E2C29D05-ECA4-425B-BA6B-B13558DAAC02}.Debug|Any CPU.Build.0 = Debug|Any CPU
		{E2C29D05-ECA4-425B-BA6B-B13558DAAC02}.Release|Any CPU.ActiveCfg = Release|Any CPU
		{E2C29D05-ECA4-425B-BA6B-B13558DAAC02}.Release|Any CPU.Build.0 = Release|Any CPU
		{8A11AFC0-BE68-48C2-BF79-7FC4B80FAEAB}.Debug|Any CPU.ActiveCfg = Debug|Any CPU
		{8A11AFC0-BE68-48C2-BF79-7FC4B80FAEAB}.Debug|Any CPU.Build.0 = Debug|Any CPU
		{8A11AFC0-BE68-48C2-BF79-7FC4B80FAEAB}.Release|Any CPU.ActiveCfg = Release|Any CPU
		{8A11AFC0-BE68-48C2-BF79-7FC4B80FAEAB}.Release|Any CPU.Build.0 = Release|Any CPU
	EndGlobalSection
	GlobalSection(SolutionProperties) = preSolution
		HideSolutionNode = FALSE
	EndGlobalSection
	GlobalSection(ExtensibilityGlobals) = postSolution
		SolutionGuid = {B2BBADAB-FB9B-4E50-8888-2B6E45724E5F}
	EndGlobalSection
EndGlobal
